
Microsoft Visual Studio Solution File, Format Version 12.00
# Visual Studio 15
VisualStudioVersion = 15.0.28307.1000
MinimumVisualStudioVersion = 10.0.40219.1
Project("{D2ABAB84-BF74-430A-B69E-9DC6D40DDA17}") = "ProjekZaliczeniowyVersja2", "ProjekZaliczeniowyVersja2\ProjekZaliczeniowyVersja2.dwproj", "{34653D0F-1C2D-49D9-A753-28123DF8EB64}"
EndProject
Global
	GlobalSection(SolutionConfigurationPlatforms) = preSolution
		Development|Default = Development|Default
	EndGlobalSection
	GlobalSection(ProjectConfigurationPlatforms) = postSolution
		{34653D0F-1C2D-49D9-A753-28123DF8EB64}.Development|Default.ActiveCfg = Development
		{34653D0F-1C2D-49D9-A753-28123DF8EB64}.Development|Default.Build.0 = Development
		{34653D0F-1C2D-49D9-A753-28123DF8EB64}.Development|Default.Deploy.0 = Development
	EndGlobalSection
	GlobalSection(SolutionProperties) = preSolution
		HideSolutionNode = FALSE
	EndGlobalSection
	GlobalSection(ExtensibilityGlobals) = postSolution
		SolutionGuid = {EAD9E51B-12B5-4D93-A1BD-032A84971C66}
	EndGlobalSection
EndGlobal
