
Microsoft Visual Studio Solution File, Format Version 12.00
# Visual Studio 15
VisualStudioVersion = 15.0.28307.779
MinimumVisualStudioVersion = 10.0.40219.1
Project("{D2ABAB84-BF74-430A-B69E-9DC6D40DDA17}") = "Modele Analizy Danych_Prokekt_Zal", "Modele Analizy Danych_Prokekt_Zal\Modele Analizy Danych_Prokekt_Zal.dwproj", "{17A0943C-999F-40CA-BC7C-331FBED63040}"
EndProject
Global
	GlobalSection(SolutionConfigurationPlatforms) = preSolution
		Development|Default = Development|Default
	EndGlobalSection
	GlobalSection(ProjectConfigurationPlatforms) = postSolution
		{17A0943C-999F-40CA-BC7C-331FBED63040}.Development|Default.ActiveCfg = Development
		{17A0943C-999F-40CA-BC7C-331FBED63040}.Development|Default.Build.0 = Development
		{17A0943C-999F-40CA-BC7C-331FBED63040}.Development|Default.Deploy.0 = Development
	EndGlobalSection
	GlobalSection(SolutionProperties) = preSolution
		HideSolutionNode = FALSE
	EndGlobalSection
	GlobalSection(ExtensibilityGlobals) = postSolution
		SolutionGuid = {2649D956-DE7A-4585-9526-F90BF41D9E1D}
	EndGlobalSection
EndGlobal
